
Microsoft Visual Studio Solution File, Format Version 12.00
# Visual Studio Version 17
VisualStudioVersion = 17.5.33516.290
MinimumVisualStudioVersion = 10.0.40219.1
Project("{FAE04EC0-301F-11D3-BF4B-00C04F79EFBC}") = "Veterinary", "Veterinary.csproj", "{D56CD51C-A665-4DEB-8AD7-4ACB556B0707}"
EndProject
Project("{FAE04EC0-301F-11D3-BF4B-00C04F79EFBC}") = "WebApi", "WebApi\WebApi.csproj", "{F6A4ED21-7473-472D-B55B-33EB1BB1A34E}"
EndProject
Project("{FAE04EC0-301F-11D3-BF4B-00C04F79EFBC}") = "ClassLibrary", "ClassLibrary\ClassLibrary.csproj", "{026BA714-F830-4338-BCA0-1DB2C081B06D}"
EndProject
Global
	GlobalSection(SolutionConfigurationPlatforms) = preSolution
		Debug|Any CPU = Debug|Any CPU
		Release|Any CPU = Release|Any CPU
	EndGlobalSection
	GlobalSection(ProjectConfigurationPlatforms) = postSolution
		{D56CD51C-A665-4DEB-8AD7-4ACB556B0707}.Debug|Any CPU.ActiveCfg = Debug|Any CPU
		{D56CD51C-A665-4DEB-8AD7-4ACB556B0707}.Debug|Any CPU.Build.0 = Debug|Any CPU
		{D56CD51C-A665-4DEB-8AD7-4ACB556B0707}.Release|Any CPU.ActiveCfg = Release|Any CPU
		{D56CD51C-A665-4DEB-8AD7-4ACB556B0707}.Release|Any CPU.Build.0 = Release|Any CPU
		{F6A4ED21-7473-472D-B55B-33EB1BB1A34E}.Debug|Any CPU.ActiveCfg = Debug|Any CPU
		{F6A4ED21-7473-472D-B55B-33EB1BB1A34E}.Debug|Any CPU.Build.0 = Debug|Any CPU
		{F6A4ED21-7473-472D-B55B-33EB1BB1A34E}.Release|Any CPU.ActiveCfg = Release|Any CPU
		{F6A4ED21-7473-472D-B55B-33EB1BB1A34E}.Release|Any CPU.Build.0 = Release|Any CPU
		{026BA714-F830-4338-BCA0-1DB2C081B06D}.Debug|Any CPU.ActiveCfg = Debug|Any CPU
		{026BA714-F830-4338-BCA0-1DB2C081B06D}.Debug|Any CPU.Build.0 = Debug|Any CPU
		{026BA714-F830-4338-BCA0-1DB2C081B06D}.Release|Any CPU.ActiveCfg = Release|Any CPU
		{026BA714-F830-4338-BCA0-1DB2C081B06D}.Release|Any CPU.Build.0 = Release|Any CPU
	EndGlobalSection
	GlobalSection(SolutionProperties) = preSolution
		HideSolutionNode = FALSE
	EndGlobalSection
	GlobalSection(ExtensibilityGlobals) = postSolution
		SolutionGuid = {1F0C138D-637C-4853-9BCD-386B6206F921}
	EndGlobalSection
EndGlobal
